
Microsoft Visual Studio Solution File, Format Version 12.00
# Visual Studio Version 17
VisualStudioVersion = 17.0.31612.314
MinimumVisualStudioVersion = 10.0.40219.1
Project("{FAE04EC0-301F-11D3-BF4B-00C04F79EFBC}") = "BMI", "BMI.csproj", "{8BE37F03-5C08-47F9-9665-746027F13E9B}"
EndProject
Global
	GlobalSection(SolutionConfigurationPlatforms) = preSolution
		Debug|Any CPU = Debug|Any CPU
		Release|Any CPU = Release|Any CPU
	EndGlobalSection
	GlobalSection(ProjectConfigurationPlatforms) = postSolution
		{8BE37F03-5C08-47F9-9665-746027F13E9B}.Debug|Any CPU.ActiveCfg = Debug|Any CPU
		{8BE37F03-5C08-47F9-9665-746027F13E9B}.Debug|Any CPU.Build.0 = Debug|Any CPU
		{8BE37F03-5C08-47F9-9665-746027F13E9B}.Release|Any CPU.ActiveCfg = Release|Any CPU
		{8BE37F03-5C08-47F9-9665-746027F13E9B}.Release|Any CPU.Build.0 = Release|Any CPU
	EndGlobalSection
	GlobalSection(SolutionProperties) = preSolution
		HideSolutionNode = FALSE
	EndGlobalSection
	GlobalSection(ExtensibilityGlobals) = postSolution
		SolutionGuid = {24078A35-6721-4097-A790-409AD1C57DC2}
	EndGlobalSection
EndGlobal
